
Microsoft Visual Studio Solution File, Format Version 12.00
# Visual Studio 11
Project("{F184B08F-C81C-45F6-A57F-5ABD9991F28F}") = "Cards", "Cards\Cards.vbproj", "{FC6DFEDC-0D64-4A43-9E4C-E63EDBAB1E1E}"
EndProject
Project("{F184B08F-C81C-45F6-A57F-5ABD9991F28F}") = "ExampleUsage", "ExampleUsage\ExampleUsage.vbproj", "{133572C1-372F-4C38-8E8B-8A388F623197}"
EndProject
Project("{F184B08F-C81C-45F6-A57F-5ABD9991F28F}") = "Cards_Interfaces", "Cards_Interfaces\Cards_Interfaces.vbproj", "{DE9C9806-CA0D-4A46-97A0-D6454291E432}"
EndProject
Global
	GlobalSection(SolutionConfigurationPlatforms) = preSolution
		Debug|Any CPU = Debug|Any CPU
		Release|Any CPU = Release|Any CPU
	EndGlobalSection
	GlobalSection(ProjectConfigurationPlatforms) = postSolution
		{133572C1-372F-4C38-8E8B-8A388F623197}.Debug|Any CPU.ActiveCfg = Debug|Any CPU
		{133572C1-372F-4C38-8E8B-8A388F623197}.Debug|Any CPU.Build.0 = Debug|Any CPU
		{133572C1-372F-4C38-8E8B-8A388F623197}.Release|Any CPU.ActiveCfg = Release|Any CPU
		{133572C1-372F-4C38-8E8B-8A388F623197}.Release|Any CPU.Build.0 = Release|Any CPU
		{DE9C9806-CA0D-4A46-97A0-D6454291E432}.Debug|Any CPU.ActiveCfg = Debug|Any CPU
		{DE9C9806-CA0D-4A46-97A0-D6454291E432}.Debug|Any CPU.Build.0 = Debug|Any CPU
		{DE9C9806-CA0D-4A46-97A0-D6454291E432}.Release|Any CPU.ActiveCfg = Release|Any CPU
		{DE9C9806-CA0D-4A46-97A0-D6454291E432}.Release|Any CPU.Build.0 = Release|Any CPU
		{FC6DFEDC-0D64-4A43-9E4C-E63EDBAB1E1E}.Debug|Any CPU.ActiveCfg = Debug|Any CPU
		{FC6DFEDC-0D64-4A43-9E4C-E63EDBAB1E1E}.Debug|Any CPU.Build.0 = Debug|Any CPU
		{FC6DFEDC-0D64-4A43-9E4C-E63EDBAB1E1E}.Release|Any CPU.ActiveCfg = Release|Any CPU
		{FC6DFEDC-0D64-4A43-9E4C-E63EDBAB1E1E}.Release|Any CPU.Build.0 = Release|Any CPU
	EndGlobalSection
	GlobalSection(SolutionProperties) = preSolution
		HideSolutionNode = FALSE
	EndGlobalSection
EndGlobal
